
Microsoft Visual Studio Solution File, Format Version 12.00
Project("{FAE04EC0-301F-11D3-BF4B-00C04F79EFBC}") = "BudgetService", "BudgetService\BudgetService.csproj", "{FEBDA7B0-F6DD-425A-98F4-49B9F64E6E79}"
EndProject
Global
	GlobalSection(SolutionConfigurationPlatforms) = preSolution
		Debug|Any CPU = Debug|Any CPU
		Release|Any CPU = Release|Any CPU
	EndGlobalSection
	GlobalSection(ProjectConfigurationPlatforms) = postSolution
		{FEBDA7B0-F6DD-425A-98F4-49B9F64E6E79}.Debug|Any CPU.ActiveCfg = Debug|Any CPU
		{FEBDA7B0-F6DD-425A-98F4-49B9F64E6E79}.Debug|Any CPU.Build.0 = Debug|Any CPU
		{FEBDA7B0-F6DD-425A-98F4-49B9F64E6E79}.Release|Any CPU.ActiveCfg = Release|Any CPU
		{FEBDA7B0-F6DD-425A-98F4-49B9F64E6E79}.Release|Any CPU.Build.0 = Release|Any CPU
	EndGlobalSection
EndGlobal
